
Microsoft Visual Studio Solution File, Format Version 12.00
# Visual Studio Version 17
VisualStudioVersion = 17.4.33205.214
MinimumVisualStudioVersion = 10.0.40219.1
Project("{FAE04EC0-301F-11D3-BF4B-00C04F79EFBC}") = "Banken2023", "Banken2023.csproj", "{FB656D11-6EC9-4B79-A74F-C4E8D71F7CE5}"
EndProject
Global
	GlobalSection(SolutionConfigurationPlatforms) = preSolution
		Debug|Any CPU = Debug|Any CPU
		Release|Any CPU = Release|Any CPU
	EndGlobalSection
	GlobalSection(ProjectConfigurationPlatforms) = postSolution
		{FB656D11-6EC9-4B79-A74F-C4E8D71F7CE5}.Debug|Any CPU.ActiveCfg = Debug|Any CPU
		{FB656D11-6EC9-4B79-A74F-C4E8D71F7CE5}.Debug|Any CPU.Build.0 = Debug|Any CPU
		{FB656D11-6EC9-4B79-A74F-C4E8D71F7CE5}.Release|Any CPU.ActiveCfg = Release|Any CPU
		{FB656D11-6EC9-4B79-A74F-C4E8D71F7CE5}.Release|Any CPU.Build.0 = Release|Any CPU
	EndGlobalSection
	GlobalSection(SolutionProperties) = preSolution
		HideSolutionNode = FALSE
	EndGlobalSection
	GlobalSection(ExtensibilityGlobals) = postSolution
		SolutionGuid = {58137D8C-BA95-4FEA-9129-1E89189FC2DC}
	EndGlobalSection
EndGlobal
